
Microsoft Visual Studio Solution File, Format Version 12.00
# Visual Studio Version 17
VisualStudioVersion = 17.9.34728.123
MinimumVisualStudioVersion = 10.0.40219.1
Project("{FAE04EC0-301F-11D3-BF4B-00C04F79EFBC}") = "Game2048", "Game2048\Game2048.csproj", "{2F9A615D-F468-4476-8E2F-87B0C80FA262}"
EndProject
Global
	GlobalSection(SolutionConfigurationPlatforms) = preSolution
		Debug|Any CPU = Debug|Any CPU
		Release|Any CPU = Release|Any CPU
	EndGlobalSection
	GlobalSection(ProjectConfigurationPlatforms) = postSolution
		{2F9A615D-F468-4476-8E2F-87B0C80FA262}.Debug|Any CPU.ActiveCfg = Debug|Any CPU
		{2F9A615D-F468-4476-8E2F-87B0C80FA262}.Debug|Any CPU.Build.0 = Debug|Any CPU
		{2F9A615D-F468-4476-8E2F-87B0C80FA262}.Release|Any CPU.ActiveCfg = Release|Any CPU
		{2F9A615D-F468-4476-8E2F-87B0C80FA262}.Release|Any CPU.Build.0 = Release|Any CPU
	EndGlobalSection
	GlobalSection(SolutionProperties) = preSolution
		HideSolutionNode = FALSE
	EndGlobalSection
	GlobalSection(ExtensibilityGlobals) = postSolution
		SolutionGuid = {D6B2E35D-7B05-4D48-8A05-544010C009D6}
	EndGlobalSection
EndGlobal
